// !$*UTF8*$!
{
	archiveVersion = 1;
	classes = {
	};
	objectVersion = 77;
	objects = {

/* Begin PBXContainerItemProxy section */
		1A1E67822F139FA000C8000E /* PBXContainerItemProxy */ = {
			isa = PBXContainerItemProxy;
			containerPortal = 1A1E67682F139F9E00C8000E /* Project object */;
			proxyType = 1;
			remoteGlobalIDString = 1A1E676F2F139F9E00C8000E;
			remoteInfo = MoneyPath2026;
		};
		1A1E678C2F139FA000C8000E /* PBXContainerItemProxy */ = {
			isa = PBXContainerItemProxy;
			containerPortal = 1A1E67682F139F9E00C8000E /* Project object */;
			proxyType = 1;
			remoteGlobalIDString = 1A1E676F2F139F9E00C8000E;
			remoteInfo = MoneyPath2026;
		};
/* End PBXContainerItemProxy section */

/* Begin PBXFileReference section */
		1A1E67702F139F9E00C8000E /* MoneyPath2026.app */ = {isa = PBXFileReference; explicitFileType = wrapper.application; includeInIndex = 0; path = MoneyPath2026.app; sourceTree = BUILT_PRODUCTS_DIR; };
		1A1E67812F139FA000C8000E /* MoneyPath2026Tests.xctest */ = {isa = PBXFileReference; explicitFileType = wrapper.cfbundle; includeInIndex = 0; path = MoneyPath2026Tests.xctest; sourceTree = BUILT_PRODUCTS_DIR; };
		1A1E678B2F139FA000C8000E /* MoneyPath2026UITests.xctest */ = {isa = PBXFileReference; explicitFileType = wrapper.cfbundle; includeInIndex = 0; path = MoneyPath2026UITests.xctest; sourceTree = BUILT_PRODUCTS_DIR; };
/* End PBXFileReference section */

/* Begin PBXFileSystemSynchronizedBuildFileExceptionSet section */
		1A1E67932F139FA000C8000E /* Exceptions for "MoneyPath2026" folder in "MoneyPath2026" target */ = {
			isa = PBXFileSystemSynchronizedBuildFileExceptionSet;
			membershipExceptions = (
				Info.plist,
			);
			target = 1A1E676F2F139F9E00C8000E /* MoneyPath2026 */;
		};
/* End PBXFileSystemSynchronizedBuildFileExceptionSet section */

/* Begin PBXFileSystemSynchronizedRootGroup section */
		1A1E67722F139F9E00C8000E /* MoneyPath2026 */ = {
			isa = PBXFileSystemSynchronizedRootGroup;
			exceptions = (
				1A1E67932F139FA000C8000E /* Exceptions for "MoneyPath2026" folder in "MoneyPath2026" target */,
			);
			path = MoneyPath2026;
			sourceTree = "<group>";
		};
		1A1E67842F139FA000C8000E /* MoneyPath2026Tests */ = {
			isa = PBXFileSystemSynchronizedRootGroup;
			path = MoneyPath2026Tests;
			sourceTree = "<group>";
		};
		1A1E678E2F139FA000C8000E /* MoneyPath2026UITests */ = {
			isa = PBXFileSystemSynchronizedRootGroup;
			path = MoneyPath2026UITests;
			sourceTree = "<group>";
		};
/* End PBXFileSystemSynchronizedRootGroup section */

/* Begin PBXFrameworksBuildPhase section */
		1A1E676D2F139F9E00C8000E /* Frameworks */ = {
			isa = PBXFrameworksBuildPhase;
			buildActionMask = 2147483647;
			files = (
			);
			runOnlyForDeploymentPostprocessing = 0;
		};
		1A1E677E2F139FA000C8000E /* Frameworks */ = {
			isa = PBXFrameworksBuildPhase;
			buildActionMask = 2147483647;
			files = (
			);
			runOnlyForDeploymentPostprocessing = 0;
		};
		1A1E67882F139FA000C8000E /* Frameworks */ = {
			isa = PBXFrameworksBuildPhase;
			buildActionMask = 2147483647;
			files = (
			);
			runOnlyForDeploymentPostprocessing = 0;
		};
/* End PBXFrameworksBuildPhase section */

/* Begin PBXGroup section */
		1A1E67672F139F9E00C8000E = {
			isa = PBXGroup;
			children = (
				1A1E67722F139F9E00C8000E /* MoneyPath2026 */,
				1A1E67842F139FA000C8000E /* MoneyPath2026Tests */,
				1A1E678E2F139FA000C8000E /* MoneyPath2026UITests */,
				1A1E67712F139F9E00C8000E /* Products */,
			);
			sourceTree = "<group>";
		};
		1A1E67712F139F9E00C8000E /* Products */ = {
			isa = PBXGroup;
			children = (
				1A1E67702F139F9E00C8000E /* MoneyPath2026.app */,
				1A1E67812F139FA000C8000E /* MoneyPath2026Tests.xctest */,
				1A1E678B2F139FA000C8000E /* MoneyPath2026UITests.xctest */,
			);
			name = Products;
			sourceTree = "<group>";
		};
/* End PBXGroup section */

/* Begin PBXNativeTarget section */
		1A1E676F2F139F9E00C8000E /* MoneyPath2026 */ = {
			isa = PBXNativeTarget;
			buildConfigurationList = 1A1E67942F139FA000C8000E /* Build configuration list for PBXNativeTarget "MoneyPath2026" */;
			buildPhases = (
				1A1E676C2F139F9E00C8000E /* Sources */,
				1A1E676D2F139F9E00C8000E /* Frameworks */,
				1A1E676E2F139F9E00C8000E /* Resources */,
			);
			buildRules = (
			);
			dependencies = (
			);
			fileSystemSynchronizedGroups = (
				1A1E67722F139F9E00C8000E /* MoneyPath2026 */,
			);
			name = MoneyPath2026;
			packageProductDependencies = (
			);
			productName = MoneyPath2026;
			productReference = 1A1E67702F139F9E00C8000E /* MoneyPath2026.app */;
			productType = "com.apple.product-type.application";
		};
		1A1E67802F139FA000C8000E /* MoneyPath2026Tests */ = {
			isa = PBXNativeTarget;
			buildConfigurationList = 1A1E67992F139FA000C8000E /* Build configuration list for PBXNativeTarget "MoneyPath2026Tests" */;
			buildPhases = (
				1A1E677D2F139FA000C8000E /* Sources */,
				1A1E677E2F139FA000C8000E /* Frameworks */,
				1A1E677F2F139FA000C8000E /* Resources */,
			);
			buildRules = (
			);
			dependencies = (
				1A1E67832F139FA000C8000E /* PBXTargetDependency */,
			);
			fileSystemSynchronizedGroups = (
				1A1E67842F139FA000C8000E /* MoneyPath2026Tests */,
			);
			name = MoneyPath2026Tests;
			packageProductDependencies = (
			);
			productName = MoneyPath2026Tests;
			productReference = 1A1E67812F139FA000C8000E /* MoneyPath2026Tests.xctest */;
			productType = "com.apple.product-type.bundle.unit-test";
		};
		1A1E678A2F139FA000C8000E /* MoneyPath2026UITests */ = {
			isa = PBXNativeTarget;
			buildConfigurationList = 1A1E679C2F139FA000C8000E /* Build configuration list for PBXNativeTarget "MoneyPath2026UITests" */;
			buildPhases = (
				1A1E67872F139FA000C8000E /* Sources */,
				1A1E67882F139FA000C8000E /* Frameworks */,
				1A1E67892F139FA000C8000E /* Resources */,
			);
			buildRules = (
			);
			dependencies = (
				1A1E678D2F139FA000C8000E /* PBXTargetDependency */,
			);
			fileSystemSynchronizedGroups = (
				1A1E678E2F139FA000C8000E /* MoneyPath2026UITests */,
			);
			name = MoneyPath2026UITests;
			packageProductDependencies = (
			);
			productName = MoneyPath2026UITests;
			productReference = 1A1E678B2F139FA000C8000E /* MoneyPath2026UITests.xctest */;
			productType = "com.apple.product-type.bundle.ui-testing";
		};
/* End PBXNativeTarget section */

/* Begin PBXProject section */
		1A1E67682F139F9E00C8000E /* Project object */ = {
			isa = PBXProject;
			attributes = {
				BuildIndependentTargetsInParallel = 1;
				LastSwiftUpdateCheck = 1630;
				LastUpgradeCheck = 1630;
				TargetAttributes = {
					1A1E676F2F139F9E00C8000E = {
						CreatedOnToolsVersion = 16.3;
					};
					1A1E67802F139FA000C8000E = {
						CreatedOnToolsVersion = 16.3;
						TestTargetID = 1A1E676F2F139F9E00C8000E;
					};
					1A1E678A2F139FA000C8000E = {
						CreatedOnToolsVersion = 16.3;
						TestTargetID = 1A1E676F2F139F9E00C8000E;
					};
				};
			};
			buildConfigurationList = 1A1E676B2F139F9E00C8000E /* Build configuration list for PBXProject "MoneyPath2026" */;
			developmentRegion = en;
			hasScannedForEncodings = 0;
			knownRegions = (
				en,
				Base,
			);
			mainGroup = 1A1E67672F139F9E00C8000E;
			minimizedProjectReferenceProxies = 1;
			preferredProjectObjectVersion = 77;
			productRefGroup = 1A1E67712F139F9E00C8000E /* Products */;
			projectDirPath = "";
			projectRoot = "";
			targets = (
				1A1E676F2F139F9E00C8000E /* MoneyPath2026 */,
				1A1E67802F139FA000C8000E /* MoneyPath2026Tests */,
				1A1E678A2F139FA000C8000E /* MoneyPath2026UITests */,
			);
		};
/* End PBXProject section */

/* Begin PBXResourcesBuildPhase section */
		1A1E676E2F139F9E00C8000E /* Resources */ = {
			isa = PBXResourcesBuildPhase;
			buildActionMask = 2147483647;
			files = (
			);
			runOnlyForDeploymentPostprocessing = 0;
		};
		1A1E677F2F139FA000C8000E /* Resources */ = {
			isa = PBXResourcesBuildPhase;
			buildActionMask = 2147483647;
			files = (
			);
			runOnlyForDeploymentPostprocessing = 0;
		};
		1A1E67892F139FA000C8000E /* Resources */ = {
			isa = PBXResourcesBuildPhase;
			buildActionMask = 2147483647;
			files = (
			);
			runOnlyForDeploymentPostprocessing = 0;
		};
/* End PBXResourcesBuildPhase section */

/* Begin PBXSourcesBuildPhase section */
		1A1E676C2F139F9E00C8000E /* Sources */ = {
			isa = PBXSourcesBuildPhase;
			buildActionMask = 2147483647;
			files = (
			);
			runOnlyForDeploymentPostprocessing = 0;
		};
		1A1E677D2F139FA000C8000E /* Sources */ = {
			isa = PBXSourcesBuildPhase;
			buildActionMask = 2147483647;
			files = (
			);
			runOnlyForDeploymentPostprocessing = 0;
		};
		1A1E67872F139FA000C8000E /* Sources */ = {
			isa = PBXSourcesBuildPhase;
			buildActionMask = 2147483647;
			files = (
			);
			runOnlyForDeploymentPostprocessing = 0;
		};
/* End PBXSourcesBuildPhase section */

/* Begin PBXTargetDependency section */
		1A1E67832F139FA000C8000E /* PBXTargetDependency */ = {
			isa = PBXTargetDependency;
			target = 1A1E676F2F139F9E00C8000E /* MoneyPath2026 */;
			targetProxy = 1A1E67822F139FA000C8000E /* PBXContainerItemProxy */;
		};
		1A1E678D2F139FA000C8000E /* PBXTargetDependency */ = {
			isa = PBXTargetDependency;
			target = 1A1E676F2F139F9E00C8000E /* MoneyPath2026 */;
			targetProxy = 1A1E678C2F139FA000C8000E /* PBXContainerItemProxy */;
		};
/* End PBXTargetDependency section */

/* Begin XCBuildConfiguration section */
		1A1E67952F139FA000C8000E /* Debug */ = {
			isa = XCBuildConfiguration;
			buildSettings = {
				ASSETCATALOG_COMPILER_APPICON_NAME = AppIcon;
				ASSETCATALOG_COMPILER_GLOBAL_ACCENT_COLOR_NAME = AccentColor;
				CODE_SIGN_ENTITLEMENTS = MoneyPath2026/MoneyPath2026.entitlements;
				CODE_SIGN_STYLE = Automatic;
				CURRENT_PROJECT_VERSION = 3;
				DEVELOPMENT_TEAM = F75D7PGFTD;
				ENABLE_PREVIEWS = YES;
				GENERATE_INFOPLIST_FILE = YES;
				INFOPLIST_FILE = MoneyPath2026/Info.plist;
				INFOPLIST_KEY_UIApplicationSceneManifest_Generation = YES;
				INFOPLIST_KEY_UIApplicationSupportsIndirectInputEvents = YES;
				INFOPLIST_KEY_UILaunchScreen_Generation = YES;
				INFOPLIST_KEY_UISupportedInterfaceOrientations_iPad = "UIInterfaceOrientationPortrait UIInterfaceOrientationPortraitUpsideDown UIInterfaceOrientationLandscapeLeft UIInterfaceOrientationLandscapeRight";
				INFOPLIST_KEY_UISupportedInterfaceOrientations_iPhone = "UIInterfaceOrientationPortrait UIInterfaceOrientationLandscapeLeft UIInterfaceOrientationLandscapeRight";
				LD_RUNPATH_SEARCH_PATHS = (
					"$(inherited)",
					"@executable_path/Frameworks",
				);
				MARKETING_VERSION = 1.0;
				PRODUCT_BUNDLE_IDENTIFIER = andy.MoneyPath2026;
				PRODUCT_NAME = "$(TARGET_NAME)";
				SUPPORTED_PLATFORMS = "iphoneos iphonesimulator";
				SUPPORTS_MACCATALYST = NO;
				SUPPORTS_MAC_DESIGNED_FOR_IPHONE_IPAD = NO;
				SUPPORTS_XR_DESIGNED_FOR_IPHONE_IPAD = NO;
				SWIFT_EMIT_LOC_STRINGS = YES;
				SWIFT_VERSION = 5.0;
				TARGETED_DEVICE_FAMILY = 1;
			};
			name = Debug;
		};
		1A1E67962F139FA000C8000E /* Release */ = {
			isa = XCBuildConfiguration;
			buildSettings = {
				ASSETCATALOG_COMPILER_APPICON_NAME = AppIcon;
				ASSETCATALOG_COMPILER_GLOBAL_ACCENT_COLOR_NAME = AccentColor;
				CODE_SIGN_ENTITLEMENTS = MoneyPath2026/MoneyPath2026.entitlements;
				CODE_SIGN_STYLE = Automatic;
				CURRENT_PROJECT_VERSION = 3;
				DEVELOPMENT_TEAM = F75D7PGFTD;
				ENABLE_PREVIEWS = YES;
				GENERATE_INFOPLIST_FILE = YES;
				INFOPLIST_FILE = MoneyPath2026/Info.plist;
				INFOPLIST_KEY_UIApplicationSceneManifest_Generation = YES;
				INFOPLIST_KEY_UIApplicationSupportsIndirectInputEvents = YES;
				INFOPLIST_KEY_UILaunchScreen_Generation = YES;
				INFOPLIST_KEY_UISupportedInterfaceOrientations_iPad = "UIInterfaceOrientationPortrait UIInterfaceOrientationPortraitUpsideDown UIInterfaceOrientationLandscapeLeft UIInterfaceOrientationLandscapeRight";
				INFOPLIST_KEY_UISupportedInterfaceOrientations_iPhone = "UIInterfaceOrientationPortrait UIInterfaceOrientationLandscapeLeft UIInterfaceOrientationLandscapeRight";
				LD_RUNPATH_SEARCH_PATHS = (
					"$(inherited)",
					"@executable_path/Frameworks",
				);
				MARKETING_VERSION = 1.0;
				PRODUCT_BUNDLE_IDENTIFIER = andy.MoneyPath2026;
				PRODUCT_NAME = "$(TARGET_NAME)";
				SUPPORTED_PLATFORMS = "iphoneos iphonesimulator";
				SUPPORTS_MACCATALYST = NO;
				SUPPORTS_MAC_DESIGNED_FOR_IPHONE_IPAD = NO;
				SUPPORTS_XR_DESIGNED_FOR_IPHONE_IPAD = NO;
				SWIFT_EMIT_LOC_STRINGS = YES;
				SWIFT_VERSION = 5.0;
				TARGETED_DEVICE_FAMILY = 1;
			};
			name = Release;
		};
		1A1E67972F139FA000C8000E /* Debug */ = {
			isa = XCBuildConfiguration;
			buildSettings = {
				ALWAYS_SEARCH_USER_PATHS = NO;
				ASSETCATALOG_COMPILER_GENERATE_SWIFT_ASSET_SYMBOL_EXTENSIONS = YES;
				CLANG_ANALYZER_NONNULL = YES;
				CLANG_ANALYZER_NUMBER_OBJECT_CONVERSION = YES_AGGRESSIVE;
				CLANG_CXX_LANGUAGE_STANDARD = "gnu++20";
				CLANG_ENABLE_MODULES = YES;
				CLANG_ENABLE_OBJC_ARC = YES;
				CLANG_ENABLE_OBJC_WEAK = YES;
				CLANG_WARN_BLOCK_CAPTURE_AUTORELEASING = YES;
				CLANG_WARN_BOOL_CONVERSION = YES;
				CLANG_WARN_COMMA = YES;
				CLANG_WARN_CONSTANT_CONVERSION = YES;
				CLANG_WARN_DEPRECATED_OBJC_IMPLEMENTATIONS = YES;
				CLANG_WARN_DIRECT_OBJC_ISA_USAGE = YES_ERROR;
				CLANG_WARN_DOCUMENTATION_COMMENTS = YES;
				CLANG_WARN_EMPTY_BODY = YES;
				CLANG_WARN_ENUM_CONVERSION = YES;
				CLANG_WARN_INFINITE_RECURSION = YES;
				CLANG_WARN_INT_CONVERSION = YES;
				CLANG_WARN_NON_LITERAL_NULL_CONVERSION = YES;
				CLANG_WARN_OBJC_IMPLICIT_RETAIN_SELF = YES;
				CLANG_WARN_OBJC_LITERAL_CONVERSION = YES;
				CLANG_WARN_OBJC_ROOT_CLASS = YES_ERROR;
				CLANG_WARN_QUOTED_INCLUDE_IN_FRAMEWORK_HEADER = YES;
				CLANG_WARN_RANGE_LOOP_ANALYSIS = YES;
				CLANG_WARN_STRICT_PROTOTYPES = YES;
				CLANG_WARN_SUSPICIOUS_MOVE = YES;
				CLANG_WARN_UNGUARDED_AVAILABILITY = YES_AGGRESSIVE;
				CLANG_WARN_UNREACHABLE_CODE = YES;
				CLANG_WARN__DUPLICATE_METHOD_MATCH = YES;
				COPY_PHASE_STRIP = NO;
				DEBUG_INFORMATION_FORMAT = dwarf;
				DEVELOPMENT_TEAM = F75D7PGFTD;
				ENABLE_STRICT_OBJC_MSGSEND = YES;
				ENABLE_TESTABILITY = YES;
				ENABLE_USER_SCRIPT_SANDBOXING = YES;
				GCC_C_LANGUAGE_STANDARD = gnu17;
				GCC_DYNAMIC_NO_PIC = NO;
				GCC_NO_COMMON_BLOCKS = YES;
				GCC_OPTIMIZATION_LEVEL = 0;
				GCC_PREPROCESSOR_DEFINITIONS = (
					"DEBUG=1",
					"$(inherited)",
				);
				GCC_WARN_64_TO_32_BIT_CONVERSION = YES;
				GCC_WARN_ABOUT_RETURN_TYPE = YES_ERROR;
				GCC_WARN_UNDECLARED_SELECTOR = YES;
				GCC_WARN_UNINITIALIZED_AUTOS = YES_AGGRESSIVE;
				GCC_WARN_UNUSED_FUNCTION = YES;
				GCC_WARN_UNUSED_VARIABLE = YES;
				IPHONEOS_DEPLOYMENT_TARGET = 18.4;
				LOCALIZATION_PREFERS_STRING_CATALOGS = YES;
				MTL_ENABLE_DEBUG_INFO = INCLUDE_SOURCE;
				MTL_FAST_MATH = YES;
				ONLY_ACTIVE_ARCH = YES;
				SDKROOT = iphoneos;
				SWIFT_ACTIVE_COMPILATION_CONDITIONS = "DEBUG $(inherited)";
				SWIFT_OPTIMIZATION_LEVEL = "-Onone";
			};
			name = Debug;
		};
		1A1E67982F139FA000C8000E /* Release */ = {
			isa = XCBuildConfiguration;
			buildSettings = {
				ALWAYS_SEARCH_USER_PATHS = NO;
				ASSETCATALOG_COMPILER_GENERATE_SWIFT_ASSET_SYMBOL_EXTENSIONS = YES;
				CLANG_ANALYZER_NONNULL = YES;
				CLANG_ANALYZER_NUMBER_OBJECT_CONVERSION = YES_AGGRESSIVE;
				CLANG_CXX_LANGUAGE_STANDARD = "gnu++20";
				CLANG_ENABLE_MODULES = YES;
				CLANG_ENABLE_OBJC_ARC = YES;
				CLANG_ENABLE_OBJC_WEAK = YES;
				CLANG_WARN_BLOCK_CAPTURE_AUTORELEASING = YES;
				CLANG_WARN_BOOL_CONVERSION = YES;
				CLANG_WARN_COMMA = YES;
				CLANG_WARN_CONSTANT_CONVERSION = YES;
				CLANG_WARN_DEPRECATED_OBJC_IMPLEMENTATIONS = YES;
				CLANG_WARN_DIRECT_OBJC_ISA_USAGE = YES_ERROR;
				CLANG_WARN_DOCUMENTATION_COMMENTS = YES;
				CLANG_WARN_EMPTY_BODY = YES;
				CLANG_WARN_ENUM_CONVERSION = YES;
				CLANG_WARN_INFINITE_RECURSION = YES;
				CLANG_WARN_INT_CONVERSION = YES;
				CLANG_WARN_NON_LITERAL_NULL_CONVERSION = YES;
				CLANG_WARN_OBJC_IMPLICIT_RETAIN_SELF = YES;
				CLANG_WARN_OBJC_LITERAL_CONVERSION = YES;
				CLANG_WARN_OBJC_ROOT_CLASS = YES_ERROR;
				CLANG_WARN_QUOTED_INCLUDE_IN_FRAMEWORK_HEADER = YES;
				CLANG_WARN_RANGE_LOOP_ANALYSIS = YES;
				CLANG_WARN_STRICT_PROTOTYPES = YES;
				CLANG_WARN_SUSPICIOUS_MOVE = YES;
				CLANG_WARN_UNGUARDED_AVAILABILITY = YES_AGGRESSIVE;
				CLANG_WARN_UNREACHABLE_CODE = YES;
				CLANG_WARN__DUPLICATE_METHOD_MATCH = YES;
				COPY_PHASE_STRIP = NO;
				DEBUG_INFORMATION_FORMAT = "dwarf-with-dsym";
				DEVELOPMENT_TEAM = F75D7PGFTD;
				ENABLE_NS_ASSERTIONS = NO;
				ENABLE_STRICT_OBJC_MSGSEND = YES;
				ENABLE_USER_SCRIPT_SANDBOXING = YES;
				GCC_C_LANGUAGE_STANDARD = gnu17;
				GCC_NO_COMMON_BLOCKS = YES;
				GCC_WARN_64_TO_32_BIT_CONVERSION = YES;
				GCC_WARN_ABOUT_RETURN_TYPE = YES_ERROR;
				GCC_WARN_UNDECLARED_SELECTOR = YES;
				GCC_WARN_UNINITIALIZED_AUTOS = YES_AGGRESSIVE;
				GCC_WARN_UNUSED_FUNCTION = YES;
				GCC_WARN_UNUSED_VARIABLE = YES;
				IPHONEOS_DEPLOYMENT_TARGET = 18.4;
				LOCALIZATION_PREFERS_STRING_CATALOGS = YES;
				MTL_ENABLE_DEBUG_INFO = NO;
				MTL_FAST_MATH = YES;
				SDKROOT = iphoneos;
				SWIFT_COMPILATION_MODE = wholemodule;
				VALIDATE_PRODUCT = YES;
			};
			name = Release;
		};
		1A1E679A2F139FA000C8000E /* Debug */ = {
			isa = XCBuildConfiguration;
			buildSettings = {
				BUNDLE_LOADER = "$(TEST_HOST)";
				CODE_SIGN_STYLE = Automatic;
				CURRENT_PROJECT_VERSION = 1;
				DEVELOPMENT_TEAM = F75D7PGFTD;
				GENERATE_INFOPLIST_FILE = YES;
				IPHONEOS_DEPLOYMENT_TARGET = 18.4;
				MARKETING_VERSION = 1.0;
				PRODUCT_BUNDLE_IDENTIFIER = andy.MoneyPath2026Tests;
				PRODUCT_NAME = "$(TARGET_NAME)";
				SWIFT_EMIT_LOC_STRINGS = NO;
				SWIFT_VERSION = 5.0;
				TARGETED_DEVICE_FAMILY = "1,2";
				TEST_HOST = "$(BUILT_PRODUCTS_DIR)/MoneyPath2026.app/$(BUNDLE_EXECUTABLE_FOLDER_PATH)/MoneyPath2026";
			};
			name = Debug;
		};
		1A1E679B2F139FA000C8000E /* Release */ = {
			isa = XCBuildConfiguration;
			buildSettings = {
				BUNDLE_LOADER = "$(TEST_HOST)";
				CODE_SIGN_STYLE = Automatic;
				CURRENT_PROJECT_VERSION = 1;
				DEVELOPMENT_TEAM = F75D7PGFTD;
				GENERATE_INFOPLIST_FILE = YES;
				IPHONEOS_DEPLOYMENT_TARGET = 18.4;
				MARKETING_VERSION = 1.0;
				PRODUCT_BUNDLE_IDENTIFIER = andy.MoneyPath2026Tests;
				PRODUCT_NAME = "$(TARGET_NAME)";
				SWIFT_EMIT_LOC_STRINGS = NO;
				SWIFT_VERSION = 5.0;
				TARGETED_DEVICE_FAMILY = "1,2";
				TEST_HOST = "$(BUILT_PRODUCTS_DIR)/MoneyPath2026.app/$(BUNDLE_EXECUTABLE_FOLDER_PATH)/MoneyPath2026";
			};
			name = Release;
		};
		1A1E679D2F139FA000C8000E /* Debug */ = {
			isa = XCBuildConfiguration;
			buildSettings = {
				CODE_SIGN_STYLE = Automatic;
				CURRENT_PROJECT_VERSION = 1;
				DEVELOPMENT_TEAM = F75D7PGFTD;
				GENERATE_INFOPLIST_FILE = YES;
				MARKETING_VERSION = 1.0;
				PRODUCT_BUNDLE_IDENTIFIER = andy.MoneyPath2026UITests;
				PRODUCT_NAME = "$(TARGET_NAME)";
				SWIFT_EMIT_LOC_STRINGS = NO;
				SWIFT_VERSION = 5.0;
				TARGETED_DEVICE_FAMILY = "1,2";
				TEST_TARGET_NAME = MoneyPath2026;
			};
			name = Debug;
		};
		1A1E679E2F139FA000C8000E /* Release */ = {
			isa = XCBuildConfiguration;
			buildSettings = {
				CODE_SIGN_STYLE = Automatic;
				CURRENT_PROJECT_VERSION = 1;
				DEVELOPMENT_TEAM = F75D7PGFTD;
				GENERATE_INFOPLIST_FILE = YES;
				MARKETING_VERSION = 1.0;
				PRODUCT_BUNDLE_IDENTIFIER = andy.MoneyPath2026UITests;
				PRODUCT_NAME = "$(TARGET_NAME)";
				SWIFT_EMIT_LOC_STRINGS = NO;
				SWIFT_VERSION = 5.0;
				TARGETED_DEVICE_FAMILY = "1,2";
				TEST_TARGET_NAME = MoneyPath2026;
			};
			name = Release;
		};
/* End XCBuildConfiguration section */

/* Begin XCConfigurationList section */
		1A1E676B2F139F9E00C8000E /* Build configuration list for PBXProject "MoneyPath2026" */ = {
			isa = XCConfigurationList;
			buildConfigurations = (
				1A1E67972F139FA000C8000E /* Debug */,
				1A1E67982F139FA000C8000E /* Release */,
			);
			defaultConfigurationIsVisible = 0;
			defaultConfigurationName = Release;
		};
		1A1E67942F139FA000C8000E /* Build configuration list for PBXNativeTarget "MoneyPath2026" */ = {
			isa = XCConfigurationList;
			buildConfigurations = (
				1A1E67952F139FA000C8000E /* Debug */,
				1A1E67962F139FA000C8000E /* Release */,
			);
			defaultConfigurationIsVisible = 0;
			defaultConfigurationName = Release;
		};
		1A1E67992F139FA000C8000E /* Build configuration list for PBXNativeTarget "MoneyPath2026Tests" */ = {
			isa = XCConfigurationList;
			buildConfigurations = (
				1A1E679A2F139FA000C8000E /* Debug */,
				1A1E679B2F139FA000C8000E /* Release */,
			);
			defaultConfigurationIsVisible = 0;
			defaultConfigurationName = Release;
		};
		1A1E679C2F139FA000C8000E /* Build configuration list for PBXNativeTarget "MoneyPath2026UITests" */ = {
			isa = XCConfigurationList;
			buildConfigurations = (
				1A1E679D2F139FA000C8000E /* Debug */,
				1A1E679E2F139FA000C8000E /* Release */,
			);
			defaultConfigurationIsVisible = 0;
			defaultConfigurationName = Release;
		};
/* End XCConfigurationList section */
	};
	rootObject = 1A1E67682F139F9E00C8000E /* Project object */;
}
